<?xml version="1.0" encoding="utf-8"?>
<Project ToolsVersion="4.0" xmlns="http://schemas.microsoft.com/developer/msbuild/2003">
  <ItemGroup>
    <Filter Include="Source Files">
      <UniqueIdentifier>{4FC737F1-C7A5-4376-A066-2A32D752A2FF}</UniqueIdentifier>
      <Extensions>cpp;c;cc;cxx;c++;cppm;ixx;def;odl;idl;hpj;bat;asm;asmx</Extensions>
    </Filter>
    <Filter Include="Header Files">
      <UniqueIdentifier>{93995380-89BD-4b04-88EB-625FBE52EBFB}</UniqueIdentifier>
      <Extensions>h;hh;hpp;hxx;h++;hm;inl;inc;ipp;xsd</Extensions>
    </Filter>
    <Filter Include="Resource Files">
      <UniqueIdentifier>{67DA6AB6-F800-4c08-8B7A-83BB121AAD01}</UniqueIdentifier>
      <Extensions>rc;ico;cur;bmp;dlg;rc2;rct;bin;rgs;gif;jpg;jpeg;jpe;resx;tiff;tif;png;wav;mfcribbon-ms</Extensions>
    </Filter>
    <Filter Include="Header Files\Animation">
      <UniqueIdentifier>{61802181-5b4c-44f4-9dc5-15b51ff10cdf}</UniqueIdentifier>
    </Filter>
    <Filter Include="Header Files\Object">
      <UniqueIdentifier>{ffd2c110-6606-46fe-9415-43d6cdd6962b}</UniqueIdentifier>
    </Filter>
    <Filter Include="Header Files\Object\Brick">
      <UniqueIdentifier>{ef1197b2-0119-408e-9327-d05ec6fd23c9}</UniqueIdentifier>
    </Filter>
    <Filter Include="Header Files\Object\Items">
      <UniqueIdentifier>{06c2c0cb-91b1-4955-80f6-fb98c1d7be73}</UniqueIdentifier>
    </Filter>
    <Filter Include="Header Files\Object\Enemies">
      <UniqueIdentifier>{cdef4d00-4bdc-4248-a0a9-404cb7d26172}</UniqueIdentifier>
    </Filter>
    <Filter Include="Header Files\Object\Mario">
      <UniqueIdentifier>{ed8fb028-17a8-49e5-b8b4-0e571c69f8c1}</UniqueIdentifier>
    </Filter>
    <Filter Include="Header Files\Map">
      <UniqueIdentifier>{00579dc2-a2af-4961-9157-5d625318bf55}</UniqueIdentifier>
    </Filter>
    <Filter Include="Header Files\HUD">
      <UniqueIdentifier>{901ef1cf-d4e5-4d85-a625-a8f40b3716b8}</UniqueIdentifier>
    </Filter>
    <Filter Include="Header Files\Object\Enemies\Goomba">
      <UniqueIdentifier>{2826bc92-58ba-40c3-9357-83a0cd46c85c}</UniqueIdentifier>
    </Filter>
    <Filter Include="Header Files\Object\Enemies\Koopa">
      <UniqueIdentifier>{3cf7630f-d62b-499e-a8c0-950228c74816}</UniqueIdentifier>
    </Filter>
    <Filter Include="Header Files\Object\Items\Coin">
      <UniqueIdentifier>{6f632675-1bea-4429-b82c-024275847beb}</UniqueIdentifier>
    </Filter>
    <Filter Include="Header Files\Object\Items\MushRoom">
      <UniqueIdentifier>{2eb60dea-9d06-49f6-b3b1-44b2df9793b5}</UniqueIdentifier>
    </Filter>
    <Filter Include="Header Files\Object\Items\Leaf">
      <UniqueIdentifier>{59d69798-606f-464e-8741-eadaeab8f4b6}</UniqueIdentifier>
    </Filter>
    <Filter Include="Header Files\Object\Items\FlowerFire">
      <UniqueIdentifier>{cb918de1-c624-4094-82b4-a913e7261dde}</UniqueIdentifier>
    </Filter>
    <Filter Include="Header Files\Object\Brick\Brick">
      <UniqueIdentifier>{fd39b3d4-b6fa-4f96-90e8-4bb708ac0bf6}</UniqueIdentifier>
    </Filter>
    <Filter Include="Header Files\Object\Brick\Platform">
      <UniqueIdentifier>{0e69faba-e742-44b0-9b77-5b3fa95c079b}</UniqueIdentifier>
    </Filter>
    <Filter Include="Header Files\Object\Brick\BrickQuestion">
      <UniqueIdentifier>{cab96d80-d9c4-4b88-be7d-83e479ac449e}</UniqueIdentifier>
    </Filter>
    <Filter Include="Header Files\HUD\HUD">
      <UniqueIdentifier>{a788cc2e-5192-40b1-b144-41e63d48b743}</UniqueIdentifier>
    </Filter>
    <Filter Include="Header Files\HUD\Font">
      <UniqueIdentifier>{e032170b-f337-4f51-9a1a-92fdce0296f9}</UniqueIdentifier>
    </Filter>
    <Filter Include="Header Files\Scene">
      <UniqueIdentifier>{162e082f-23ea-472b-b61b-dbc4489f340b}</UniqueIdentifier>
    </Filter>
    <Filter Include="Header Files\Object\Block">
      <UniqueIdentifier>{b6a0f0e2-efb7-4a12-b7ea-58dba63f4b36}</UniqueIdentifier>
    </Filter>
    <Filter Include="Header Files\txtFile">
      <UniqueIdentifier>{27e832cf-ce99-4fba-9092-5276a70567c8}</UniqueIdentifier>
    </Filter>
    <Filter Include="Header Files\Object\Pipe">
      <UniqueIdentifier>{b5b66e90-24a9-4bde-86f5-e62c5e7e2f41}</UniqueIdentifier>
    </Filter>
    <Filter Include="Header Files\FireFromPlant">
      <UniqueIdentifier>{6f29e13a-6c37-4b7f-9ba9-1df3bac02bdb}</UniqueIdentifier>
    </Filter>
    <Filter Include="Header Files\Action">
      <UniqueIdentifier>{440e4029-ca3f-4fa1-a0fa-795a37f621ce}</UniqueIdentifier>
    </Filter>
    <Filter Include="Header Files\Action\Tail">
      <UniqueIdentifier>{194a2fcd-caaf-4a37-911e-89d86edc8e30}</UniqueIdentifier>
    </Filter>
    <Filter Include="Header Files\Action\Fire">
      <UniqueIdentifier>{b618e31d-f59e-4814-b38b-ecd22d92653f}</UniqueIdentifier>
    </Filter>
    <Filter Include="Header Files\Object\Block\InvisibleBlock">
      <UniqueIdentifier>{0e5471cb-e3f0-415f-8c72-4c41c4a231df}</UniqueIdentifier>
    </Filter>
    <Filter Include="Header Files\Object\Block\Portal">
      <UniqueIdentifier>{a2ee8fa4-0071-4bdf-8be3-094c13551cc8}</UniqueIdentifier>
    </Filter>
    <Filter Include="Header Files\Object\Brick\BoomBrick">
      <UniqueIdentifier>{bbc715f3-d36a-4ec5-8e2a-be2bab004a3c}</UniqueIdentifier>
    </Filter>
    <Filter Include="Header Files\Object\Button">
      <UniqueIdentifier>{68aaaf77-163c-47ff-b64b-1ccbc823e814}</UniqueIdentifier>
    </Filter>
    <Filter Include="Header Files\Object\PlantEnemy">
      <UniqueIdentifier>{fd6b4d9e-0c67-4349-8f24-65cf76b2d43c}</UniqueIdentifier>
    </Filter>
    <Filter Include="Header Files\Effect">
      <UniqueIdentifier>{0dd82833-210a-46ad-a8b6-c56eb313f3d9}</UniqueIdentifier>
    </Filter>
    <Filter Include="Header Files\txtFile\World1-1">
      <UniqueIdentifier>{87312d75-d670-4515-bd98-903e3ba89666}</UniqueIdentifier>
    </Filter>
    <Filter Include="Header Files\WorldMap">
      <UniqueIdentifier>{41b67e61-57ec-4461-9977-364b18229590}</UniqueIdentifier>
    </Filter>
    <Filter Include="Header Files\WorldMap\KeyEvent">
      <UniqueIdentifier>{ea66cfec-416a-4288-9eea-00314a9de480}</UniqueIdentifier>
    </Filter>
    <Filter Include="Header Files\WorldMap\Player">
      <UniqueIdentifier>{b5c2c8b4-b901-43b6-98fc-78dfa9ba9c9e}</UniqueIdentifier>
    </Filter>
    <Filter Include="Header Files\WorldMap\Scene">
      <UniqueIdentifier>{2b540b63-8f95-4a5b-9403-a56741427b3f}</UniqueIdentifier>
    </Filter>
    <Filter Include="Header Files\WorldMap\Door">
      <UniqueIdentifier>{7749249b-e324-4158-b15a-44cd205d809d}</UniqueIdentifier>
    </Filter>
    <Filter Include="Header Files\WorldMap\Grass">
      <UniqueIdentifier>{9013179e-a36a-4daf-be01-69b6fcc6de93}</UniqueIdentifier>
    </Filter>
    <Filter Include="Header Files\txtFile\Tilemap">
      <UniqueIdentifier>{f1f62f82-fb9f-4934-ba9b-28933c5358f9}</UniqueIdentifier>
    </Filter>
    <Filter Include="Header Files\txtFile\WorldMap">
      <UniqueIdentifier>{57ebdb1d-96a7-40da-8f96-d8dacfe5cf5c}</UniqueIdentifier>
    </Filter>
    <Filter Include="Header Files\WorldMap\ObjectInWorldMap">
      <UniqueIdentifier>{654c2c4c-bdd4-4ee7-b535-604dc129d1fc}</UniqueIdentifier>
    </Filter>
    <Filter Include="Header Files\Object\Card">
      <UniqueIdentifier>{444e27bc-c655-4f30-ba99-bf1d0bd13f2e}</UniqueIdentifier>
    </Filter>
    <Filter Include="Header Files\Data">
      <UniqueIdentifier>{ace049ac-707d-4db3-9601-694cf692c908}</UniqueIdentifier>
    </Filter>
    <Filter Include="Header Files\HUD\HUDWorldMap">
      <UniqueIdentifier>{4c9da07a-624e-4f12-af01-125510f04566}</UniqueIdentifier>
    </Filter>
    <Filter Include="Header Files\Object\Brick\BreakBrick">
      <UniqueIdentifier>{3ea0c992-3f5f-4d44-b608-fda84def03e0}</UniqueIdentifier>
    </Filter>
    <Filter Include="Header Files\WorldMap\Hammer">
      <UniqueIdentifier>{ddf538e9-9c1d-419b-b0d4-d3cd85d268d2}</UniqueIdentifier>
    </Filter>
    <Filter Include="Header Files\IntroGame">
      <UniqueIdentifier>{01ad198b-9c05-46a3-af9f-eb3b5d50793e}</UniqueIdentifier>
    </Filter>
    <Filter Include="Header Files\IntroGame\IntroArrow">
      <UniqueIdentifier>{ea6640c9-0f1e-4d7b-8671-e1ade5949d86}</UniqueIdentifier>
    </Filter>
    <Filter Include="Header Files\IntroGame\IntroKey">
      <UniqueIdentifier>{23057a59-9e07-4bc4-9a0c-4e4254292133}</UniqueIdentifier>
    </Filter>
    <Filter Include="Header Files\IntroGame\IntroScene">
      <UniqueIdentifier>{b03af245-9bcc-4e0d-88fe-c0b7ad7263e6}</UniqueIdentifier>
    </Filter>
    <Filter Include="Header Files\IntroGame\MarioGreenIntro">
      <UniqueIdentifier>{58a1187b-556e-4c24-ab96-240096df10c5}</UniqueIdentifier>
    </Filter>
    <Filter Include="Header Files\IntroGame\MarioRedIntro">
      <UniqueIdentifier>{44b2b7a9-0777-4da6-8b1d-4418f3917d2a}</UniqueIdentifier>
    </Filter>
    <Filter Include="Header Files\IntroGame\PlatformIntro">
      <UniqueIdentifier>{2a77befe-2d8c-49e6-9a14-88f620ff91c3}</UniqueIdentifier>
    </Filter>
    <Filter Include="Header Files\txtFile\Intro">
      <UniqueIdentifier>{f4eb43cf-37be-4352-bfa8-37eaa5bf12b0}</UniqueIdentifier>
    </Filter>
  </ItemGroup>
  <ItemGroup>
    <None Include="packages.config" />
  </ItemGroup>
  <ItemGroup>
    <ClCompile Include="main.cpp">
      <Filter>Source Files</Filter>
    </ClCompile>
    <ClCompile Include="debug.cpp">
      <Filter>Source Files</Filter>
    </ClCompile>
    <ClCompile Include="SampleKeyEventHandler.cpp">
      <Filter>Source Files</Filter>
    </ClCompile>
    <ClCompile Include="Utils.cpp">
      <Filter>Source Files</Filter>
    </ClCompile>
    <ClCompile Include="Game.cpp">
      <Filter>Source Files</Filter>
    </ClCompile>
    <ClCompile Include="GameObject.cpp">
      <Filter>Header Files\Object</Filter>
    </ClCompile>
    <ClCompile Include="Collision.cpp">
      <Filter>Source Files</Filter>
    </ClCompile>
    <ClCompile Include="Mario.cpp">
      <Filter>Header Files\Object\Mario</Filter>
    </ClCompile>
    <ClCompile Include="Animation.cpp">
      <Filter>Header Files\Animation</Filter>
    </ClCompile>
    <ClCompile Include="Animations.cpp">
      <Filter>Header Files\Animation</Filter>
    </ClCompile>
    <ClCompile Include="Sprite.cpp">
      <Filter>Header Files\Animation</Filter>
    </ClCompile>
    <ClCompile Include="Sprites.cpp">
      <Filter>Header Files\Animation</Filter>
    </ClCompile>
    <ClCompile Include="Textures.cpp">
      <Filter>Header Files\Animation</Filter>
    </ClCompile>
    <ClCompile Include="Map.cpp">
      <Filter>Header Files\Map</Filter>
    </ClCompile>
    <ClCompile Include="Goomba.cpp">
      <Filter>Header Files\Object\Enemies\Goomba</Filter>
    </ClCompile>
    <ClCompile Include="Koopa.cpp">
      <Filter>Header Files\Object\Enemies\Koopa</Filter>
    </ClCompile>
    <ClCompile Include="Coin.cpp">
      <Filter>Header Files\Object\Items\Coin</Filter>
    </ClCompile>
    <ClCompile Include="MushRoom.cpp">
      <Filter>Header Files\Object\Items\MushRoom</Filter>
    </ClCompile>
    <ClCompile Include="Leaf.cpp">
      <Filter>Header Files\Object\Items\Leaf</Filter>
    </ClCompile>
    <ClCompile Include="FlowerFire.cpp">
      <Filter>Header Files\Object\Items\FlowerFire</Filter>
    </ClCompile>
    <ClCompile Include="Brick.cpp">
      <Filter>Header Files\Object\Brick\Brick</Filter>
    </ClCompile>
    <ClCompile Include="Platform.cpp">
      <Filter>Header Files\Object\Brick\Platform</Filter>
    </ClCompile>
    <ClCompile Include="BrickQuestion.cpp">
      <Filter>Header Files\Object\Brick\BrickQuestion</Filter>
    </ClCompile>
    <ClCompile Include="HUD.cpp">
      <Filter>Header Files\HUD\HUD</Filter>
    </ClCompile>
    <ClCompile Include="Font.cpp">
      <Filter>Header Files\HUD\Font</Filter>
    </ClCompile>
    <ClCompile Include="PlayScene.cpp">
      <Filter>Header Files\Scene</Filter>
    </ClCompile>
    <ClCompile Include="WorldMap.cpp">
      <Filter>Source Files</Filter>
    </ClCompile>
    <ClCompile Include="Pipe.cpp">
      <Filter>Header Files\Object\Pipe</Filter>
    </ClCompile>
    <ClCompile Include="FireFromPlant.cpp">
      <Filter>Header Files\FireFromPlant</Filter>
    </ClCompile>
    <ClCompile Include="PlantEnemy.cpp">
      <Filter>Header Files\Object\PlantEnemy</Filter>
    </ClCompile>
    <ClCompile Include="Tail.cpp">
      <Filter>Header Files\Action\Tail</Filter>
    </ClCompile>
    <ClCompile Include="Fire.cpp">
      <Filter>Header Files\Action\Fire</Filter>
    </ClCompile>
    <ClCompile Include="Portal.cpp">
      <Filter>Header Files\Object\Block\Portal</Filter>
    </ClCompile>
    <ClCompile Include="InvisibleBlock.cpp">
      <Filter>Header Files\Object\Block\InvisibleBlock</Filter>
    </ClCompile>
    <ClCompile Include="BoomBrick.cpp">
      <Filter>Header Files\Object\Brick\BoomBrick</Filter>
    </ClCompile>
    <ClCompile Include="Button.cpp">
      <Filter>Header Files\Object\Button</Filter>
    </ClCompile>
    <ClCompile Include="Effect.cpp">
      <Filter>Header Files\Effect</Filter>
    </ClCompile>
    <ClCompile Include="WorldMapKeyEvent.cpp">
      <Filter>Header Files\WorldMap\KeyEvent</Filter>
    </ClCompile>
    <ClCompile Include="WorldMapScene.cpp">
      <Filter>Header Files\WorldMap\Scene</Filter>
    </ClCompile>
    <ClCompile Include="WorldMapPlayer.cpp">
      <Filter>Header Files\WorldMap\Player</Filter>
    </ClCompile>
    <ClCompile Include="Door.cpp">
      <Filter>Header Files\WorldMap\Door</Filter>
    </ClCompile>
    <ClCompile Include="Grass.cpp">
      <Filter>Header Files\WorldMap\Grass</Filter>
    </ClCompile>
    <ClCompile Include="ObjectInWorldmap.cpp">
      <Filter>Header Files\WorldMap\ObjectInWorldMap</Filter>
    </ClCompile>
    <ClCompile Include="Card.cpp">
      <Filter>Header Files\Object\Card</Filter>
    </ClCompile>
    <ClCompile Include="Data.cpp">
      <Filter>Header Files\Data</Filter>
    </ClCompile>
    <ClCompile Include="HUDWorldMap.cpp">
      <Filter>Header Files\HUD\HUDWorldMap</Filter>
    </ClCompile>
    <ClCompile Include="BreakBrick.cpp">
      <Filter>Header Files\Object\Brick\BreakBrick</Filter>
    </ClCompile>
    <ClCompile Include="Hammer.cpp">
      <Filter>Header Files\WorldMap\Hammer</Filter>
    </ClCompile>
    <ClCompile Include="IntroArrow.cpp">
      <Filter>Header Files\IntroGame\IntroArrow</Filter>
    </ClCompile>
    <ClCompile Include="IntroKey.cpp">
      <Filter>Header Files\IntroGame\IntroKey</Filter>
    </ClCompile>
    <ClCompile Include="IntroScene.cpp">
      <Filter>Header Files\IntroGame\IntroScene</Filter>
    </ClCompile>
    <ClCompile Include="MarioGreenIntro.cpp">
      <Filter>Header Files\IntroGame\MarioGreenIntro</Filter>
    </ClCompile>
    <ClCompile Include="MarioRedIntro.cpp">
      <Filter>Header Files\IntroGame\MarioRedIntro</Filter>
    </ClCompile>
    <ClCompile Include="PlatformIntro.cpp">
      <Filter>Header Files\IntroGame\PlatformIntro</Filter>
    </ClCompile>
  </ItemGroup>
  <ItemGroup>
    <ClInclude Include="AssetIDs.h">
      <Filter>Header Files</Filter>
    </ClInclude>
    <ClInclude Include="Collision.h">
      <Filter>Header Files</Filter>
    </ClInclude>
    <ClInclude Include="debug.h">
      <Filter>Header Files</Filter>
    </ClInclude>
    <ClInclude Include="Game.h">
      <Filter>Header Files</Filter>
    </ClInclude>
    <ClInclude Include="KeyEventHandler.h">
      <Filter>Header Files</Filter>
    </ClInclude>
    <ClInclude Include="SampleKeyEventHandler.h">
      <Filter>Header Files</Filter>
    </ClInclude>
    <ClInclude Include="Utils.h">
      <Filter>Header Files</Filter>
    </ClInclude>
    <ClInclude Include="Animation.h">
      <Filter>Header Files\Animation</Filter>
    </ClInclude>
    <ClInclude Include="AnimationFrame.h">
      <Filter>Header Files\Animation</Filter>
    </ClInclude>
    <ClInclude Include="Animations.h">
      <Filter>Header Files\Animation</Filter>
    </ClInclude>
    <ClInclude Include="Sprite.h">
      <Filter>Header Files\Animation</Filter>
    </ClInclude>
    <ClInclude Include="Sprites.h">
      <Filter>Header Files\Animation</Filter>
    </ClInclude>
    <ClInclude Include="Texture.h">
      <Filter>Header Files\Animation</Filter>
    </ClInclude>
    <ClInclude Include="Textures.h">
      <Filter>Header Files\Animation</Filter>
    </ClInclude>
    <ClInclude Include="GameObject.h">
      <Filter>Header Files\Object</Filter>
    </ClInclude>
    <ClInclude Include="Mario.h">
      <Filter>Header Files\Object\Mario</Filter>
    </ClInclude>
    <ClInclude Include="Map.h">
      <Filter>Header Files\Map</Filter>
    </ClInclude>
    <ClInclude Include="Goomba.h">
      <Filter>Header Files\Object\Enemies\Goomba</Filter>
    </ClInclude>
    <ClInclude Include="Koopa.h">
      <Filter>Header Files\Object\Enemies\Koopa</Filter>
    </ClInclude>
    <ClInclude Include="Coin.h">
      <Filter>Header Files\Object\Items\Coin</Filter>
    </ClInclude>
    <ClInclude Include="MushRoom.h">
      <Filter>Header Files\Object\Items\MushRoom</Filter>
    </ClInclude>
    <ClInclude Include="Leaf.h">
      <Filter>Header Files\Object\Items\Leaf</Filter>
    </ClInclude>
    <ClInclude Include="FlowerFire.h">
      <Filter>Header Files\Object\Items\FlowerFire</Filter>
    </ClInclude>
    <ClInclude Include="Brick.h">
      <Filter>Header Files\Object\Brick\Brick</Filter>
    </ClInclude>
    <ClInclude Include="Platform.h">
      <Filter>Header Files\Object\Brick\Platform</Filter>
    </ClInclude>
    <ClInclude Include="BrickQuestion.h">
      <Filter>Header Files\Object\Brick\BrickQuestion</Filter>
    </ClInclude>
    <ClInclude Include="HUD.h">
      <Filter>Header Files\HUD\HUD</Filter>
    </ClInclude>
    <ClInclude Include="Font.h">
      <Filter>Header Files\HUD\Font</Filter>
    </ClInclude>
    <ClInclude Include="Scene.h">
      <Filter>Header Files\Scene</Filter>
    </ClInclude>
    <ClInclude Include="PlayScene.h">
      <Filter>Header Files\Scene</Filter>
    </ClInclude>
    <ClInclude Include="WorldMap.h">
      <Filter>Header Files</Filter>
    </ClInclude>
    <ClInclude Include="FireFromPlant.h">
      <Filter>Header Files\FireFromPlant</Filter>
    </ClInclude>
    <ClInclude Include="Pipe.h">
      <Filter>Header Files\Object\Pipe</Filter>
    </ClInclude>
    <ClInclude Include="PlantEnemy.h">
      <Filter>Header Files\Object\PlantEnemy</Filter>
    </ClInclude>
    <ClInclude Include="Tail.h">
      <Filter>Header Files\Action\Tail</Filter>
    </ClInclude>
    <ClInclude Include="Fire.h">
      <Filter>Header Files\Action\Fire</Filter>
    </ClInclude>
    <ClInclude Include="Portal.h">
      <Filter>Header Files\Object\Block\Portal</Filter>
    </ClInclude>
    <ClInclude Include="InvisibleBlock.h">
      <Filter>Header Files\Object\Block\InvisibleBlock</Filter>
    </ClInclude>
    <ClInclude Include="BoomBrick.h">
      <Filter>Header Files\Object\Brick\BoomBrick</Filter>
    </ClInclude>
    <ClInclude Include="Button.h">
      <Filter>Header Files\Object\Button</Filter>
    </ClInclude>
    <ClInclude Include="Effect.h">
      <Filter>Header Files\Effect</Filter>
    </ClInclude>
    <ClInclude Include="WorldMapKeyEvent.h">
      <Filter>Header Files\WorldMap\KeyEvent</Filter>
    </ClInclude>
    <ClInclude Include="WorldMapScene.h">
      <Filter>Header Files\WorldMap\Scene</Filter>
    </ClInclude>
    <ClInclude Include="WorldMapPlayer.h">
      <Filter>Header Files\WorldMap\Player</Filter>
    </ClInclude>
    <ClInclude Include="Door.h">
      <Filter>Header Files\WorldMap\Door</Filter>
    </ClInclude>
    <ClInclude Include="Grass.h">
      <Filter>Header Files\WorldMap\Grass</Filter>
    </ClInclude>
    <ClInclude Include="ObjectInWorldMap.h">
      <Filter>Header Files\WorldMap\ObjectInWorldMap</Filter>
    </ClInclude>
    <ClInclude Include="Card.h">
      <Filter>Header Files\Object\Card</Filter>
    </ClInclude>
    <ClInclude Include="Data.h">
      <Filter>Header Files\Data</Filter>
    </ClInclude>
    <ClInclude Include="HUDWorldMap.h">
      <Filter>Header Files\HUD\HUDWorldMap</Filter>
    </ClInclude>
    <ClInclude Include="BreakBrick.h">
      <Filter>Header Files\Object\Brick\BreakBrick</Filter>
    </ClInclude>
    <ClInclude Include="Hammer.h">
      <Filter>Header Files\WorldMap\Hammer</Filter>
    </ClInclude>
    <ClInclude Include="IntroArrow.h">
      <Filter>Header Files\IntroGame\IntroArrow</Filter>
    </ClInclude>
    <ClInclude Include="IntroKey.h">
      <Filter>Header Files\IntroGame\IntroKey</Filter>
    </ClInclude>
    <ClInclude Include="IntroScene.h">
      <Filter>Header Files\IntroGame\IntroScene</Filter>
    </ClInclude>
    <ClInclude Include="MarioGreenIntro.h">
      <Filter>Header Files\IntroGame\MarioGreenIntro</Filter>
    </ClInclude>
    <ClInclude Include="MarioRed.h">
      <Filter>Header Files\IntroGame\MarioRedIntro</Filter>
    </ClInclude>
    <ClInclude Include="PlatformIntro.h">
      <Filter>Header Files\IntroGame\PlatformIntro</Filter>
    </ClInclude>
  </ItemGroup>
  <ItemGroup>
    <Text Include="mario-sample.txt">
      <Filter>Header Files\txtFile</Filter>
    </Text>
    <Text Include="hud.txt">
      <Filter>Header Files\HUD\HUD</Filter>
    </Text>
    <Text Include="brick.txt">
      <Filter>Header Files\Object\Brick\Brick</Filter>
    </Text>
    <Text Include="brickquestion.txt">
      <Filter>Header Files\Object\Brick\BrickQuestion</Filter>
    </Text>
    <Text Include="cloud.txt">
      <Filter>Header Files\Object\Brick\Platform</Filter>
    </Text>
    <Text Include="koopa.txt">
      <Filter>Header Files\Object\Enemies\Koopa</Filter>
    </Text>
    <Text Include="platform.txt">
      <Filter>Header Files\Object\Brick\Platform</Filter>
    </Text>
    <Text Include="fire.txt">
      <Filter>Header Files\Action\Fire</Filter>
    </Text>
    <Text Include="Resource\World1-1\brick.txt">
      <Filter>Header Files\txtFile\World1-1</Filter>
    </Text>
    <Text Include="Resource\World1-1\brickquestion.txt">
      <Filter>Header Files\txtFile\World1-1</Filter>
    </Text>
    <Text Include="Resource\World1-1\button.txt">
      <Filter>Header Files\txtFile\World1-1</Filter>
    </Text>
    <Text Include="Resource\World1-1\cloud.txt">
      <Filter>Header Files\txtFile\World1-1</Filter>
    </Text>
    <Text Include="Resource\World1-1\coin.txt">
      <Filter>Header Files\txtFile\World1-1</Filter>
    </Text>
    <Text Include="Resource\World1-1\effect.txt">
      <Filter>Header Files\txtFile\World1-1</Filter>
    </Text>
    <Text Include="Resource\World1-1\fire.txt">
      <Filter>Header Files\txtFile\World1-1</Filter>
    </Text>
    <Text Include="Resource\World1-1\flowerfire.txt">
      <Filter>Header Files\txtFile\World1-1</Filter>
    </Text>
    <Text Include="Resource\World1-1\font.txt">
      <Filter>Header Files\txtFile\World1-1</Filter>
    </Text>
    <Text Include="Resource\World1-1\goomba.txt">
      <Filter>Header Files\txtFile\World1-1</Filter>
    </Text>
    <Text Include="Resource\World1-1\hud.txt">
      <Filter>Header Files\txtFile\World1-1</Filter>
    </Text>
    <Text Include="Resource\World1-1\koopa.txt">
      <Filter>Header Files\txtFile\World1-1</Filter>
    </Text>
    <Text Include="Resource\World1-1\leaf.txt">
      <Filter>Header Files\txtFile\World1-1</Filter>
    </Text>
    <Text Include="Resource\World1-1\mario.txt">
      <Filter>Header Files\txtFile\World1-1</Filter>
    </Text>
    <Text Include="Resource\World1-1\mushroom.txt">
      <Filter>Header Files\txtFile\World1-1</Filter>
    </Text>
    <Text Include="Resource\World1-1\pipe.txt">
      <Filter>Header Files\txtFile\World1-1</Filter>
    </Text>
    <Text Include="Resource\World1-1\platform.txt">
      <Filter>Header Files\txtFile\World1-1</Filter>
    </Text>
    <Text Include="Resource\World1-1\world1-1.txt">
      <Filter>Header Files\txtFile\World1-1</Filter>
    </Text>
    <Text Include="Resource\World1-1\world1-1-1.txt">
      <Filter>Header Files\txtFile\World1-1</Filter>
    </Text>
    <Text Include="Resource\World1-1\worldmap.txt">
      <Filter>Header Files\txtFile\World1-1</Filter>
    </Text>
    <Text Include="Resource\Tilemap\world1.txt">
      <Filter>Header Files\txtFile\Tilemap</Filter>
    </Text>
    <Text Include="Resource\Tilemap\world1-1.txt">
      <Filter>Header Files\txtFile\Tilemap</Filter>
    </Text>
    <Text Include="Resource\Tilemap\world1-1-1.txt">
      <Filter>Header Files\txtFile\Tilemap</Filter>
    </Text>
    <Text Include="Resource\Tilemap\world1-4.txt">
      <Filter>Header Files\txtFile\Tilemap</Filter>
    </Text>
    <Text Include="Resource\Tilemap\world1-4-1.txt">
      <Filter>Header Files\txtFile\Tilemap</Filter>
    </Text>
    <Text Include="Resource\WorldMap\worldmap.txt">
      <Filter>Header Files\txtFile\WorldMap</Filter>
    </Text>
    <Text Include="Resource\WorldMap\door.txt">
      <Filter>Header Files\txtFile\WorldMap</Filter>
    </Text>
    <Text Include="Resource\WorldMap\grass.txt">
      <Filter>Header Files\txtFile\WorldMap</Filter>
    </Text>
    <Text Include="objectinworldmap.txt">
      <Filter>Header Files\WorldMap\ObjectInWorldMap</Filter>
    </Text>
    <Text Include="Resource\World1-1\card.txt">
      <Filter>Header Files\txtFile\World1-1</Filter>
    </Text>
    <Text Include="Resource\WorldMap\hammer.txt">
      <Filter>Header Files\txtFile\WorldMap</Filter>
    </Text>
    <Text Include="Resource\WorldMap\objectinworldmap.txt">
      <Filter>Header Files\txtFile\WorldMap</Filter>
    </Text>
    <Text Include="Resource\Intro\intro.txt">
      <Filter>Header Files\txtFile\Intro</Filter>
    </Text>
  </ItemGroup>
</Project>